
Microsoft Visual Studio Solution File, Format Version 11.00
# Visual Studio 2010
Project("{FAE04EC0-301F-11D3-BF4B-00C04F79EFBC}") = "ExampleVidPub", "ExampleVidPub\ExampleVidPub.csproj", "{47CEB7B1-7D07-4757-A3DD-836B5DA7AED1}"
EndProject
Global
	GlobalSection(SolutionConfigurationPlatforms) = preSolution
		Debug|Any CPU = Debug|Any CPU
		Release|Any CPU = Release|Any CPU
	EndGlobalSection
	GlobalSection(ProjectConfigurationPlatforms) = postSolution
		{47CEB7B1-7D07-4757-A3DD-836B5DA7AED1}.Debug|Any CPU.ActiveCfg = Debug|Any CPU
		{47CEB7B1-7D07-4757-A3DD-836B5DA7AED1}.Debug|Any CPU.Build.0 = Debug|Any CPU
		{47CEB7B1-7D07-4757-A3DD-836B5DA7AED1}.Release|Any CPU.ActiveCfg = Release|Any CPU
		{47CEB7B1-7D07-4757-A3DD-836B5DA7AED1}.Release|Any CPU.Build.0 = Release|Any CPU
	EndGlobalSection
	GlobalSection(SolutionProperties) = preSolution
		HideSolutionNode = FALSE
	EndGlobalSection
EndGlobal
